
Microsoft Visual Studio Solution File, Format Version 12.00
# Visual Studio Version 16
Project("{8BC9CEB8-8B4A-11D0-8D11-00A0C91BC942}") = "ALL_BUILD", "ALL_BUILD.vcxproj", "{2D7A789E-E329-37FF-B65F-A878E0841C2F}"
	ProjectSection(ProjectDependencies) = postProject
		{EF26EEBF-0E78-3B5C-A115-963A81C47EEB} = {EF26EEBF-0E78-3B5C-A115-963A81C47EEB}
		{9ED2259A-3325-3534-8184-1B67E81EA246} = {9ED2259A-3325-3534-8184-1B67E81EA246}
		{EF62891D-2915-31C9-8D09-0940D9A854DA} = {EF62891D-2915-31C9-8D09-0940D9A854DA}
		{96BAB8AC-B3F6-3631-ADB1-189EABD851F2} = {96BAB8AC-B3F6-3631-ADB1-189EABD851F2}
		{70A4804E-5E95-3554-AB56-53F3F2B86BB9} = {70A4804E-5E95-3554-AB56-53F3F2B86BB9}
	EndProjectSection
EndProject
Project("{8BC9CEB8-8B4A-11D0-8D11-00A0C91BC942}") = "INSTALL", "INSTALL.vcxproj", "{5051C5D5-E6BF-3F01-A4DF-111D176D006C}"
	ProjectSection(ProjectDependencies) = postProject
		{2D7A789E-E329-37FF-B65F-A878E0841C2F} = {2D7A789E-E329-37FF-B65F-A878E0841C2F}
		{EF26EEBF-0E78-3B5C-A115-963A81C47EEB} = {EF26EEBF-0E78-3B5C-A115-963A81C47EEB}
	EndProjectSection
EndProject
Project("{8BC9CEB8-8B4A-11D0-8D11-00A0C91BC942}") = "ZERO_CHECK", "ZERO_CHECK.vcxproj", "{EF26EEBF-0E78-3B5C-A115-963A81C47EEB}"
	ProjectSection(ProjectDependencies) = postProject
	EndProjectSection
EndProject
Project("{8BC9CEB8-8B4A-11D0-8D11-00A0C91BC942}") = "benchmark", "benchmark.vcxproj", "{9ED2259A-3325-3534-8184-1B67E81EA246}"
	ProjectSection(ProjectDependencies) = postProject
		{EF26EEBF-0E78-3B5C-A115-963A81C47EEB} = {EF26EEBF-0E78-3B5C-A115-963A81C47EEB}
		{70A4804E-5E95-3554-AB56-53F3F2B86BB9} = {70A4804E-5E95-3554-AB56-53F3F2B86BB9}
	EndProjectSection
EndProject
Project("{8BC9CEB8-8B4A-11D0-8D11-00A0C91BC942}") = "detect-camera-demo", "detect-camera-demo.vcxproj", "{EF62891D-2915-31C9-8D09-0940D9A854DA}"
	ProjectSection(ProjectDependencies) = postProject
		{EF26EEBF-0E78-3B5C-A115-963A81C47EEB} = {EF26EEBF-0E78-3B5C-A115-963A81C47EEB}
		{70A4804E-5E95-3554-AB56-53F3F2B86BB9} = {70A4804E-5E95-3554-AB56-53F3F2B86BB9}
	EndProjectSection
EndProject
Project("{8BC9CEB8-8B4A-11D0-8D11-00A0C91BC942}") = "detect-image-demo", "detect-image-demo.vcxproj", "{96BAB8AC-B3F6-3631-ADB1-189EABD851F2}"
	ProjectSection(ProjectDependencies) = postProject
		{EF26EEBF-0E78-3B5C-A115-963A81C47EEB} = {EF26EEBF-0E78-3B5C-A115-963A81C47EEB}
		{70A4804E-5E95-3554-AB56-53F3F2B86BB9} = {70A4804E-5E95-3554-AB56-53F3F2B86BB9}
	EndProjectSection
EndProject
Project("{8BC9CEB8-8B4A-11D0-8D11-00A0C91BC942}") = "facedetection", "facedetection.vcxproj", "{70A4804E-5E95-3554-AB56-53F3F2B86BB9}"
	ProjectSection(ProjectDependencies) = postProject
		{EF26EEBF-0E78-3B5C-A115-963A81C47EEB} = {EF26EEBF-0E78-3B5C-A115-963A81C47EEB}
	EndProjectSection
EndProject
Global
	GlobalSection(SolutionConfigurationPlatforms) = preSolution
		Debug|x64 = Debug|x64
		Release|x64 = Release|x64
		MinSizeRel|x64 = MinSizeRel|x64
		RelWithDebInfo|x64 = RelWithDebInfo|x64
	EndGlobalSection
	GlobalSection(ProjectConfigurationPlatforms) = postSolution
		{2D7A789E-E329-37FF-B65F-A878E0841C2F}.Debug|x64.ActiveCfg = Debug|x64
		{2D7A789E-E329-37FF-B65F-A878E0841C2F}.Debug|x64.Build.0 = Debug|x64
		{2D7A789E-E329-37FF-B65F-A878E0841C2F}.Release|x64.ActiveCfg = Release|x64
		{2D7A789E-E329-37FF-B65F-A878E0841C2F}.Release|x64.Build.0 = Release|x64
		{2D7A789E-E329-37FF-B65F-A878E0841C2F}.MinSizeRel|x64.ActiveCfg = MinSizeRel|x64
		{2D7A789E-E329-37FF-B65F-A878E0841C2F}.MinSizeRel|x64.Build.0 = MinSizeRel|x64
		{2D7A789E-E329-37FF-B65F-A878E0841C2F}.RelWithDebInfo|x64.ActiveCfg = RelWithDebInfo|x64
		{2D7A789E-E329-37FF-B65F-A878E0841C2F}.RelWithDebInfo|x64.Build.0 = RelWithDebInfo|x64
		{5051C5D5-E6BF-3F01-A4DF-111D176D006C}.Debug|x64.ActiveCfg = Debug|x64
		{5051C5D5-E6BF-3F01-A4DF-111D176D006C}.Release|x64.ActiveCfg = Release|x64
		{5051C5D5-E6BF-3F01-A4DF-111D176D006C}.MinSizeRel|x64.ActiveCfg = MinSizeRel|x64
		{5051C5D5-E6BF-3F01-A4DF-111D176D006C}.RelWithDebInfo|x64.ActiveCfg = RelWithDebInfo|x64
		{EF26EEBF-0E78-3B5C-A115-963A81C47EEB}.Debug|x64.ActiveCfg = Debug|x64
		{EF26EEBF-0E78-3B5C-A115-963A81C47EEB}.Debug|x64.Build.0 = Debug|x64
		{EF26EEBF-0E78-3B5C-A115-963A81C47EEB}.Release|x64.ActiveCfg = Release|x64
		{EF26EEBF-0E78-3B5C-A115-963A81C47EEB}.Release|x64.Build.0 = Release|x64
		{EF26EEBF-0E78-3B5C-A115-963A81C47EEB}.MinSizeRel|x64.ActiveCfg = MinSizeRel|x64
		{EF26EEBF-0E78-3B5C-A115-963A81C47EEB}.MinSizeRel|x64.Build.0 = MinSizeRel|x64
		{EF26EEBF-0E78-3B5C-A115-963A81C47EEB}.RelWithDebInfo|x64.ActiveCfg = RelWithDebInfo|x64
		{EF26EEBF-0E78-3B5C-A115-963A81C47EEB}.RelWithDebInfo|x64.Build.0 = RelWithDebInfo|x64
		{9ED2259A-3325-3534-8184-1B67E81EA246}.Debug|x64.ActiveCfg = Debug|x64
		{9ED2259A-3325-3534-8184-1B67E81EA246}.Debug|x64.Build.0 = Debug|x64
		{9ED2259A-3325-3534-8184-1B67E81EA246}.Release|x64.ActiveCfg = Release|x64
		{9ED2259A-3325-3534-8184-1B67E81EA246}.Release|x64.Build.0 = Release|x64
		{9ED2259A-3325-3534-8184-1B67E81EA246}.MinSizeRel|x64.ActiveCfg = MinSizeRel|x64
		{9ED2259A-3325-3534-8184-1B67E81EA246}.MinSizeRel|x64.Build.0 = MinSizeRel|x64
		{9ED2259A-3325-3534-8184-1B67E81EA246}.RelWithDebInfo|x64.ActiveCfg = RelWithDebInfo|x64
		{9ED2259A-3325-3534-8184-1B67E81EA246}.RelWithDebInfo|x64.Build.0 = RelWithDebInfo|x64
		{EF62891D-2915-31C9-8D09-0940D9A854DA}.Debug|x64.ActiveCfg = Debug|x64
		{EF62891D-2915-31C9-8D09-0940D9A854DA}.Debug|x64.Build.0 = Debug|x64
		{EF62891D-2915-31C9-8D09-0940D9A854DA}.Release|x64.ActiveCfg = Release|x64
		{EF62891D-2915-31C9-8D09-0940D9A854DA}.Release|x64.Build.0 = Release|x64
		{EF62891D-2915-31C9-8D09-0940D9A854DA}.MinSizeRel|x64.ActiveCfg = MinSizeRel|x64
		{EF62891D-2915-31C9-8D09-0940D9A854DA}.MinSizeRel|x64.Build.0 = MinSizeRel|x64
		{EF62891D-2915-31C9-8D09-0940D9A854DA}.RelWithDebInfo|x64.ActiveCfg = RelWithDebInfo|x64
		{EF62891D-2915-31C9-8D09-0940D9A854DA}.RelWithDebInfo|x64.Build.0 = RelWithDebInfo|x64
		{96BAB8AC-B3F6-3631-ADB1-189EABD851F2}.Debug|x64.ActiveCfg = Debug|x64
		{96BAB8AC-B3F6-3631-ADB1-189EABD851F2}.Debug|x64.Build.0 = Debug|x64
		{96BAB8AC-B3F6-3631-ADB1-189EABD851F2}.Release|x64.ActiveCfg = Release|x64
		{96BAB8AC-B3F6-3631-ADB1-189EABD851F2}.Release|x64.Build.0 = Release|x64
		{96BAB8AC-B3F6-3631-ADB1-189EABD851F2}.MinSizeRel|x64.ActiveCfg = MinSizeRel|x64
		{96BAB8AC-B3F6-3631-ADB1-189EABD851F2}.MinSizeRel|x64.Build.0 = MinSizeRel|x64
		{96BAB8AC-B3F6-3631-ADB1-189EABD851F2}.RelWithDebInfo|x64.ActiveCfg = RelWithDebInfo|x64
		{96BAB8AC-B3F6-3631-ADB1-189EABD851F2}.RelWithDebInfo|x64.Build.0 = RelWithDebInfo|x64
		{70A4804E-5E95-3554-AB56-53F3F2B86BB9}.Debug|x64.ActiveCfg = Debug|x64
		{70A4804E-5E95-3554-AB56-53F3F2B86BB9}.Debug|x64.Build.0 = Debug|x64
		{70A4804E-5E95-3554-AB56-53F3F2B86BB9}.Release|x64.ActiveCfg = Release|x64
		{70A4804E-5E95-3554-AB56-53F3F2B86BB9}.Release|x64.Build.0 = Release|x64
		{70A4804E-5E95-3554-AB56-53F3F2B86BB9}.MinSizeRel|x64.ActiveCfg = MinSizeRel|x64
		{70A4804E-5E95-3554-AB56-53F3F2B86BB9}.MinSizeRel|x64.Build.0 = MinSizeRel|x64
		{70A4804E-5E95-3554-AB56-53F3F2B86BB9}.RelWithDebInfo|x64.ActiveCfg = RelWithDebInfo|x64
		{70A4804E-5E95-3554-AB56-53F3F2B86BB9}.RelWithDebInfo|x64.Build.0 = RelWithDebInfo|x64
	EndGlobalSection
	GlobalSection(ExtensibilityGlobals) = postSolution
		SolutionGuid = {4E728B0A-9CF2-35EA-885D-29BF6C362EE4}
	EndGlobalSection
	GlobalSection(ExtensibilityAddIns) = postSolution
	EndGlobalSection
EndGlobal
